
Microsoft Visual Studio Solution File, Format Version 12.00
# Visual Studio Version 17
VisualStudioVersion = 17.13.35818.85
MinimumVisualStudioVersion = 10.0.40219.1
Project("{FAE04EC0-301F-11D3-BF4B-00C04F79EFBC}") = "Sokoban", "Sokoban.csproj", "{D86DFBDC-823E-1957-F5EA-0D339CB8C28D}"
EndProject
Project("{FAE04EC0-301F-11D3-BF4B-00C04F79EFBC}") = "MonoGameLibrary", "..\MonoGameLibrary\MonoGameLibrary.csproj", "{D34DC198-EB8F-4641-8675-A17B0A897E7C}"
EndProject
Global
	GlobalSection(SolutionConfigurationPlatforms) = preSolution
		Debug|Any CPU = Debug|Any CPU
		Release|Any CPU = Release|Any CPU
	EndGlobalSection
	GlobalSection(ProjectConfigurationPlatforms) = postSolution
		{D86DFBDC-823E-1957-F5EA-0D339CB8C28D}.Debug|Any CPU.ActiveCfg = Debug|Any CPU
		{D86DFBDC-823E-1957-F5EA-0D339CB8C28D}.Debug|Any CPU.Build.0 = Debug|Any CPU
		{D86DFBDC-823E-1957-F5EA-0D339CB8C28D}.Release|Any CPU.ActiveCfg = Release|Any CPU
		{D86DFBDC-823E-1957-F5EA-0D339CB8C28D}.Release|Any CPU.Build.0 = Release|Any CPU
		{D34DC198-EB8F-4641-8675-A17B0A897E7C}.Debug|Any CPU.ActiveCfg = Debug|Any CPU
		{D34DC198-EB8F-4641-8675-A17B0A897E7C}.Debug|Any CPU.Build.0 = Debug|Any CPU
		{D34DC198-EB8F-4641-8675-A17B0A897E7C}.Release|Any CPU.ActiveCfg = Release|Any CPU
		{D34DC198-EB8F-4641-8675-A17B0A897E7C}.Release|Any CPU.Build.0 = Release|Any CPU
	EndGlobalSection
	GlobalSection(SolutionProperties) = preSolution
		HideSolutionNode = FALSE
	EndGlobalSection
	GlobalSection(ExtensibilityGlobals) = postSolution
		SolutionGuid = {B6324EC1-B852-4CA0-ABB0-57009C31AC41}
	EndGlobalSection
EndGlobal
